// !$*UTF8*$!
{
	archiveVersion = 1;
	classes = {
	};
	objectVersion = 46;
	objects = {

/* Begin PBXBuildFile section */
		3CFC77602CD448092A457CE6 /* libPods.a in Frameworks */ = {isa = PBXBuildFile; fileRef = DCF330FDD9C01D586EF62D55 /* libPods.a */; };
		423B050B1C4D2FA300ACBE79 /* main.m in Sources */ = {isa = PBXBuildFile; fileRef = 423B050A1C4D2FA300ACBE79 /* main.m */; };
		423B050E1C4D2FA300ACBE79 /* AppDelegate.m in Sources */ = {isa = PBXBuildFile; fileRef = 423B050D1C4D2FA300ACBE79 /* AppDelegate.m */; };
		423B05111C4D2FA400ACBE79 /* ViewController.m in Sources */ = {isa = PBXBuildFile; fileRef = 423B05101C4D2FA400ACBE79 /* ViewController.m */; };
		423B05141C4D2FA400ACBE79 /* Main.storyboard in Resources */ = {isa = PBXBuildFile; fileRef = 423B05121C4D2FA400ACBE79 /* Main.storyboard */; };
		423B05161C4D2FA400ACBE79 /* Assets.xcassets in Resources */ = {isa = PBXBuildFile; fileRef = 423B05151C4D2FA400ACBE79 /* Assets.xcassets */; };
		423B05191C4D2FA400ACBE79 /* LaunchScreen.storyboard in Resources */ = {isa = PBXBuildFile; fileRef = 423B05171C4D2FA400ACBE79 /* LaunchScreen.storyboard */; };
		423B05261C4D31FF00ACBE79 /* UIView+GJAdapter.m in Sources */ = {isa = PBXBuildFile; fileRef = 423B05251C4D31FF00ACBE79 /* UIView+GJAdapter.m */; };
/* End PBXBuildFile section */

/* Begin PBXFileReference section */
		423B05061C4D2FA300ACBE79 /* Masonry-GJAdapter.app */ = {isa = PBXFileReference; explicitFileType = wrapper.application; includeInIndex = 0; path = "Masonry-GJAdapter.app"; sourceTree = BUILT_PRODUCTS_DIR; };
		423B050A1C4D2FA300ACBE79 /* main.m */ = {isa = PBXFileReference; lastKnownFileType = sourcecode.c.objc; path = main.m; sourceTree = "<group>"; };
		423B050C1C4D2FA300ACBE79 /* AppDelegate.h */ = {isa = PBXFileReference; lastKnownFileType = sourcecode.c.h; path = AppDelegate.h; sourceTree = "<group>"; };
		423B050D1C4D2FA300ACBE79 /* AppDelegate.m */ = {isa = PBXFileReference; lastKnownFileType = sourcecode.c.objc; path = AppDelegate.m; sourceTree = "<group>"; };
		423B050F1C4D2FA300ACBE79 /* ViewController.h */ = {isa = PBXFileReference; lastKnownFileType = sourcecode.c.h; path = ViewController.h; sourceTree = "<group>"; };
		423B05101C4D2FA400ACBE79 /* ViewController.m */ = {isa = PBXFileReference; lastKnownFileType = sourcecode.c.objc; path = ViewController.m; sourceTree = "<group>"; };
		423B05131C4D2FA400ACBE79 /* Base */ = {isa = PBXFileReference; lastKnownFileType = file.storyboard; name = Base; path = Base.lproj/Main.storyboard; sourceTree = "<group>"; };
		423B05151C4D2FA400ACBE79 /* Assets.xcassets */ = {isa = PBXFileReference; lastKnownFileType = folder.assetcatalog; path = Assets.xcassets; sourceTree = "<group>"; };
		423B05181C4D2FA400ACBE79 /* Base */ = {isa = PBXFileReference; lastKnownFileType = file.storyboard; name = Base; path = Base.lproj/LaunchScreen.storyboard; sourceTree = "<group>"; };
		423B051A1C4D2FA400ACBE79 /* Info.plist */ = {isa = PBXFileReference; lastKnownFileType = text.plist.xml; path = Info.plist; sourceTree = "<group>"; };
		423B05241C4D31FF00ACBE79 /* UIView+GJAdapter.h */ = {isa = PBXFileReference; fileEncoding = 4; lastKnownFileType = sourcecode.c.h; path = "UIView+GJAdapter.h"; sourceTree = "<group>"; };
		423B05251C4D31FF00ACBE79 /* UIView+GJAdapter.m */ = {isa = PBXFileReference; fileEncoding = 4; lastKnownFileType = sourcecode.c.objc; path = "UIView+GJAdapter.m"; sourceTree = "<group>"; };
		450A9BA6AC85110A035C9C5E /* Pods.release.xcconfig */ = {isa = PBXFileReference; includeInIndex = 1; lastKnownFileType = text.xcconfig; name = Pods.release.xcconfig; path = "Pods/Target Support Files/Pods/Pods.release.xcconfig"; sourceTree = "<group>"; };
		AE35C9581BBAFF4EB9855616 /* Pods.debug.xcconfig */ = {isa = PBXFileReference; includeInIndex = 1; lastKnownFileType = text.xcconfig; name = Pods.debug.xcconfig; path = "Pods/Target Support Files/Pods/Pods.debug.xcconfig"; sourceTree = "<group>"; };
		DCF330FDD9C01D586EF62D55 /* libPods.a */ = {isa = PBXFileReference; explicitFileType = archive.ar; includeInIndex = 0; path = libPods.a; sourceTree = BUILT_PRODUCTS_DIR; };
/* End PBXFileReference section */

/* Begin PBXFrameworksBuildPhase section */
		423B05031C4D2FA300ACBE79 /* Frameworks */ = {
			isa = PBXFrameworksBuildPhase;
			buildActionMask = 2147483647;
			files = (
				3CFC77602CD448092A457CE6 /* libPods.a in Frameworks */,
			);
			runOnlyForDeploymentPostprocessing = 0;
		};
/* End PBXFrameworksBuildPhase section */

/* Begin PBXGroup section */
		423B04FD1C4D2FA300ACBE79 = {
			isa = PBXGroup;
			children = (
				423B05081C4D2FA300ACBE79 /* Masonry-GJAdapter */,
				423B05071C4D2FA300ACBE79 /* Products */,
				59C0E301389653D4AED340DC /* Pods */,
				D2B86046C815A260FAF476AB /* Frameworks */,
			);
			sourceTree = "<group>";
		};
		423B05071C4D2FA300ACBE79 /* Products */ = {
			isa = PBXGroup;
			children = (
				423B05061C4D2FA300ACBE79 /* Masonry-GJAdapter.app */,
			);
			name = Products;
			sourceTree = "<group>";
		};
		423B05081C4D2FA300ACBE79 /* Masonry-GJAdapter */ = {
			isa = PBXGroup;
			children = (
				423B05201C4D31C000ACBE79 /* Masonry-GJAdapter */,
				423B050C1C4D2FA300ACBE79 /* AppDelegate.h */,
				423B050D1C4D2FA300ACBE79 /* AppDelegate.m */,
				423B050F1C4D2FA300ACBE79 /* ViewController.h */,
				423B05101C4D2FA400ACBE79 /* ViewController.m */,
				423B05121C4D2FA400ACBE79 /* Main.storyboard */,
				423B05151C4D2FA400ACBE79 /* Assets.xcassets */,
				423B05171C4D2FA400ACBE79 /* LaunchScreen.storyboard */,
				423B051A1C4D2FA400ACBE79 /* Info.plist */,
				423B05091C4D2FA300ACBE79 /* Supporting Files */,
			);
			path = "Masonry-GJAdapter";
			sourceTree = "<group>";
		};
		423B05091C4D2FA300ACBE79 /* Supporting Files */ = {
			isa = PBXGroup;
			children = (
				423B050A1C4D2FA300ACBE79 /* main.m */,
			);
			name = "Supporting Files";
			sourceTree = "<group>";
		};
		423B05201C4D31C000ACBE79 /* Masonry-GJAdapter */ = {
			isa = PBXGroup;
			children = (
				423B05241C4D31FF00ACBE79 /* UIView+GJAdapter.h */,
				423B05251C4D31FF00ACBE79 /* UIView+GJAdapter.m */,
			);
			path = "Masonry-GJAdapter";
			sourceTree = "<group>";
		};
		59C0E301389653D4AED340DC /* Pods */ = {
			isa = PBXGroup;
			children = (
				AE35C9581BBAFF4EB9855616 /* Pods.debug.xcconfig */,
				450A9BA6AC85110A035C9C5E /* Pods.release.xcconfig */,
			);
			name = Pods;
			sourceTree = "<group>";
		};
		D2B86046C815A260FAF476AB /* Frameworks */ = {
			isa = PBXGroup;
			children = (
				DCF330FDD9C01D586EF62D55 /* libPods.a */,
			);
			name = Frameworks;
			sourceTree = "<group>";
		};
/* End PBXGroup section */

/* Begin PBXNativeTarget section */
		423B05051C4D2FA300ACBE79 /* Masonry-GJAdapter */ = {
			isa = PBXNativeTarget;
			buildConfigurationList = 423B051D1C4D2FA400ACBE79 /* Build configuration list for PBXNativeTarget "Masonry-GJAdapter" */;
			buildPhases = (
				DE5C56C63EDE00928862E1BB /* Check Pods Manifest.lock */,
				423B05021C4D2FA300ACBE79 /* Sources */,
				423B05031C4D2FA300ACBE79 /* Frameworks */,
				423B05041C4D2FA300ACBE79 /* Resources */,
				4F055B0CCA61AF75A71001F5 /* Embed Pods Frameworks */,
				0021CF784046AC10D644863C /* Copy Pods Resources */,
			);
			buildRules = (
			);
			dependencies = (
			);
			name = "Masonry-GJAdapter";
			productName = "Masonry-GJAdapter";
			productReference = 423B05061C4D2FA300ACBE79 /* Masonry-GJAdapter.app */;
			productType = "com.apple.product-type.application";
		};
/* End PBXNativeTarget section */

/* Begin PBXProject section */
		423B04FE1C4D2FA300ACBE79 /* Project object */ = {
			isa = PBXProject;
			attributes = {
				LastUpgradeCheck = 0720;
				ORGANIZATIONNAME = wangyutao;
				TargetAttributes = {
					423B05051C4D2FA300ACBE79 = {
						CreatedOnToolsVersion = 7.2;
					};
				};
			};
			buildConfigurationList = 423B05011C4D2FA300ACBE79 /* Build configuration list for PBXProject "Masonry-GJAdapter" */;
			compatibilityVersion = "Xcode 3.2";
			developmentRegion = English;
			hasScannedForEncodings = 0;
			knownRegions = (
				en,
				Base,
			);
			mainGroup = 423B04FD1C4D2FA300ACBE79;
			productRefGroup = 423B05071C4D2FA300ACBE79 /* Products */;
			projectDirPath = "";
			projectRoot = "";
			targets = (
				423B05051C4D2FA300ACBE79 /* Masonry-GJAdapter */,
			);
		};
/* End PBXProject section */

/* Begin PBXResourcesBuildPhase section */
		423B05041C4D2FA300ACBE79 /* Resources */ = {
			isa = PBXResourcesBuildPhase;
			buildActionMask = 2147483647;
			files = (
				423B05191C4D2FA400ACBE79 /* LaunchScreen.storyboard in Resources */,
				423B05161C4D2FA400ACBE79 /* Assets.xcassets in Resources */,
				423B05141C4D2FA400ACBE79 /* Main.storyboard in Resources */,
			);
			runOnlyForDeploymentPostprocessing = 0;
		};
/* End PBXResourcesBuildPhase section */

/* Begin PBXShellScriptBuildPhase section */
		0021CF784046AC10D644863C /* Copy Pods Resources */ = {
			isa = PBXShellScriptBuildPhase;
			buildActionMask = 2147483647;
			files = (
			);
			inputPaths = (
			);
			name = "Copy Pods Resources";
			outputPaths = (
			);
			runOnlyForDeploymentPostprocessing = 0;
			shellPath = /bin/sh;
			shellScript = "\"${SRCROOT}/Pods/Target Support Files/Pods/Pods-resources.sh\"\n";
			showEnvVarsInLog = 0;
		};
		4F055B0CCA61AF75A71001F5 /* Embed Pods Frameworks */ = {
			isa = PBXShellScriptBuildPhase;
			buildActionMask = 2147483647;
			files = (
			);
			inputPaths = (
			);
			name = "Embed Pods Frameworks";
			outputPaths = (
			);
			runOnlyForDeploymentPostprocessing = 0;
			shellPath = /bin/sh;
			shellScript = "\"${SRCROOT}/Pods/Target Support Files/Pods/Pods-frameworks.sh\"\n";
			showEnvVarsInLog = 0;
		};
		DE5C56C63EDE00928862E1BB /* Check Pods Manifest.lock */ = {
			isa = PBXShellScriptBuildPhase;
			buildActionMask = 2147483647;
			files = (
			);
			inputPaths = (
			);
			name = "Check Pods Manifest.lock";
			outputPaths = (
			);
			runOnlyForDeploymentPostprocessing = 0;
			shellPath = /bin/sh;
			shellScript = "diff \"${PODS_ROOT}/../Podfile.lock\" \"${PODS_ROOT}/Manifest.lock\" > /dev/null\nif [[ $? != 0 ]] ; then\n    cat << EOM\nerror: The sandbox is not in sync with the Podfile.lock. Run 'pod install' or update your CocoaPods installation.\nEOM\n    exit 1\nfi\n";
			showEnvVarsInLog = 0;
		};
/* End PBXShellScriptBuildPhase section */

/* Begin PBXSourcesBuildPhase section */
		423B05021C4D2FA300ACBE79 /* Sources */ = {
			isa = PBXSourcesBuildPhase;
			buildActionMask = 2147483647;
			files = (
				423B05111C4D2FA400ACBE79 /* ViewController.m in Sources */,
				423B050E1C4D2FA300ACBE79 /* AppDelegate.m in Sources */,
				423B050B1C4D2FA300ACBE79 /* main.m in Sources */,
				423B05261C4D31FF00ACBE79 /* UIView+GJAdapter.m in Sources */,
			);
			runOnlyForDeploymentPostprocessing = 0;
		};
/* End PBXSourcesBuildPhase section */

/* Begin PBXVariantGroup section */
		423B05121C4D2FA400ACBE79 /* Main.storyboard */ = {
			isa = PBXVariantGroup;
			children = (
				423B05131C4D2FA400ACBE79 /* Base */,
			);
			name = Main.storyboard;
			sourceTree = "<group>";
		};
		423B05171C4D2FA400ACBE79 /* LaunchScreen.storyboard */ = {
			isa = PBXVariantGroup;
			children = (
				423B05181C4D2FA400ACBE79 /* Base */,
			);
			name = LaunchScreen.storyboard;
			sourceTree = "<group>";
		};
/* End PBXVariantGroup section */

/* Begin XCBuildConfiguration section */
		423B051B1C4D2FA400ACBE79 /* Debug */ = {
			isa = XCBuildConfiguration;
			buildSettings = {
				ALWAYS_SEARCH_USER_PATHS = NO;
				CLANG_CXX_LANGUAGE_STANDARD = "gnu++0x";
				CLANG_CXX_LIBRARY = "libc++";
				CLANG_ENABLE_MODULES = YES;
				CLANG_ENABLE_OBJC_ARC = YES;
				CLANG_WARN_BOOL_CONVERSION = YES;
				CLANG_WARN_CONSTANT_CONVERSION = YES;
				CLANG_WARN_DIRECT_OBJC_ISA_USAGE = YES_ERROR;
				CLANG_WARN_EMPTY_BODY = YES;
				CLANG_WARN_ENUM_CONVERSION = YES;
				CLANG_WARN_INT_CONVERSION = YES;
				CLANG_WARN_OBJC_ROOT_CLASS = YES_ERROR;
				CLANG_WARN_UNREACHABLE_CODE = YES;
				CLANG_WARN__DUPLICATE_METHOD_MATCH = YES;
				"CODE_SIGN_IDENTITY[sdk=iphoneos*]" = "iPhone Developer";
				COPY_PHASE_STRIP = NO;
				DEBUG_INFORMATION_FORMAT = dwarf;
				ENABLE_STRICT_OBJC_MSGSEND = YES;
				ENABLE_TESTABILITY = YES;
				GCC_C_LANGUAGE_STANDARD = gnu99;
				GCC_DYNAMIC_NO_PIC = NO;
				GCC_NO_COMMON_BLOCKS = YES;
				GCC_OPTIMIZATION_LEVEL = 0;
				GCC_PREPROCESSOR_DEFINITIONS = (
					"DEBUG=1",
					"$(inherited)",
				);
				GCC_WARN_64_TO_32_BIT_CONVERSION = YES;
				GCC_WARN_ABOUT_RETURN_TYPE = YES_ERROR;
				GCC_WARN_UNDECLARED_SELECTOR = YES;
				GCC_WARN_UNINITIALIZED_AUTOS = YES_AGGRESSIVE;
				GCC_WARN_UNUSED_FUNCTION = YES;
				GCC_WARN_UNUSED_VARIABLE = YES;
				IPHONEOS_DEPLOYMENT_TARGET = 9.2;
				MTL_ENABLE_DEBUG_INFO = YES;
				ONLY_ACTIVE_ARCH = YES;
				SDKROOT = iphoneos;
			};
			name = Debug;
		};
		423B051C1C4D2FA400ACBE79 /* Release */ = {
			isa = XCBuildConfiguration;
			buildSettings = {
				ALWAYS_SEARCH_USER_PATHS = NO;
				CLANG_CXX_LANGUAGE_STANDARD = "gnu++0x";
				CLANG_CXX_LIBRARY = "libc++";
				CLANG_ENABLE_MODULES = YES;
				CLANG_ENABLE_OBJC_ARC = YES;
				CLANG_WARN_BOOL_CONVERSION = YES;
				CLANG_WARN_CONSTANT_CONVERSION = YES;
				CLANG_WARN_DIRECT_OBJC_ISA_USAGE = YES_ERROR;
				CLANG_WARN_EMPTY_BODY = YES;
				CLANG_WARN_ENUM_CONVERSION = YES;
				CLANG_WARN_INT_CONVERSION = YES;
				CLANG_WARN_OBJC_ROOT_CLASS = YES_ERROR;
				CLANG_WARN_UNREACHABLE_CODE = YES;
				CLANG_WARN__DUPLICATE_METHOD_MATCH = YES;
				"CODE_SIGN_IDENTITY[sdk=iphoneos*]" = "iPhone Developer";
				COPY_PHASE_STRIP = NO;
				DEBUG_INFORMATION_FORMAT = "dwarf-with-dsym";
				ENABLE_NS_ASSERTIONS = NO;
				ENABLE_STRICT_OBJC_MSGSEND = YES;
				GCC_C_LANGUAGE_STANDARD = gnu99;
				GCC_NO_COMMON_BLOCKS = YES;
				GCC_WARN_64_TO_32_BIT_CONVERSION = YES;
				GCC_WARN_ABOUT_RETURN_TYPE = YES_ERROR;
				GCC_WARN_UNDECLARED_SELECTOR = YES;
				GCC_WARN_UNINITIALIZED_AUTOS = YES_AGGRESSIVE;
				GCC_WARN_UNUSED_FUNCTION = YES;
				GCC_WARN_UNUSED_VARIABLE = YES;
				IPHONEOS_DEPLOYMENT_TARGET = 9.2;
				MTL_ENABLE_DEBUG_INFO = NO;
				SDKROOT = iphoneos;
				VALIDATE_PRODUCT = YES;
			};
			name = Release;
		};
		423B051E1C4D2FA400ACBE79 /* Debug */ = {
			isa = XCBuildConfiguration;
			baseConfigurationReference = AE35C9581BBAFF4EB9855616 /* Pods.debug.xcconfig */;
			buildSettings = {
				ASSETCATALOG_COMPILER_APPICON_NAME = AppIcon;
				INFOPLIST_FILE = "Masonry-GJAdapter/Info.plist";
				LD_RUNPATH_SEARCH_PATHS = "$(inherited) @executable_path/Frameworks";
				PRODUCT_BUNDLE_IDENTIFIER = "com.creditease.goldencreditease.Masonry-GJAdapter";
				PRODUCT_NAME = "$(TARGET_NAME)";
			};
			name = Debug;
		};
		423B051F1C4D2FA400ACBE79 /* Release */ = {
			isa = XCBuildConfiguration;
			baseConfigurationReference = 450A9BA6AC85110A035C9C5E /* Pods.release.xcconfig */;
			buildSettings = {
				ASSETCATALOG_COMPILER_APPICON_NAME = AppIcon;
				INFOPLIST_FILE = "Masonry-GJAdapter/Info.plist";
				LD_RUNPATH_SEARCH_PATHS = "$(inherited) @executable_path/Frameworks";
				PRODUCT_BUNDLE_IDENTIFIER = "com.creditease.goldencreditease.Masonry-GJAdapter";
				PRODUCT_NAME = "$(TARGET_NAME)";
			};
			name = Release;
		};
/* End XCBuildConfiguration section */

/* Begin XCConfigurationList section */
		423B05011C4D2FA300ACBE79 /* Build configuration list for PBXProject "Masonry-GJAdapter" */ = {
			isa = XCConfigurationList;
			buildConfigurations = (
				423B051B1C4D2FA400ACBE79 /* Debug */,
				423B051C1C4D2FA400ACBE79 /* Release */,
			);
			defaultConfigurationIsVisible = 0;
			defaultConfigurationName = Release;
		};
		423B051D1C4D2FA400ACBE79 /* Build configuration list for PBXNativeTarget "Masonry-GJAdapter" */ = {
			isa = XCConfigurationList;
			buildConfigurations = (
				423B051E1C4D2FA400ACBE79 /* Debug */,
				423B051F1C4D2FA400ACBE79 /* Release */,
			);
			defaultConfigurationIsVisible = 0;
			defaultConfigurationName = Release;
		};
/* End XCConfigurationList section */
	};
	rootObject = 423B04FE1C4D2FA300ACBE79 /* Project object */;
}
